
Microsoft Visual Studio Solution File, Format Version 12.00
# Visual Studio 14
VisualStudioVersion = 14.0.25420.1
MinimumVisualStudioVersion = 10.0.40219.1
Project("{2150E333-8FDC-42A3-9474-1A3956D46DE8}") = "Solution Items", "Solution Items", "{DAEE41B1-694D-4D96-BAB4-E68319115BEC}"
EndProject
Project("{FAE04EC0-301F-11D3-BF4B-00C04F79EFBC}") = "PowerLineTemplate", "PowerLineTemplate.csproj", "{B96678C5-61AB-4087-B559-CCD9D0AACC43}"
EndProject
Global
	GlobalSection(SolutionConfigurationPlatforms) = preSolution
		Release|x64 = Release|x64
		Release|x86 = Release|x86
	EndGlobalSection
	GlobalSection(ProjectConfigurationPlatforms) = postSolution
		{B96678C5-61AB-4087-B559-CCD9D0AACC43}.Release|x64.ActiveCfg = Release|x64
		{B96678C5-61AB-4087-B559-CCD9D0AACC43}.Release|x64.Build.0 = Release|x64
		{B96678C5-61AB-4087-B559-CCD9D0AACC43}.Release|x86.ActiveCfg = Release|x86
		{B96678C5-61AB-4087-B559-CCD9D0AACC43}.Release|x86.Build.0 = Release|x86
	EndGlobalSection
	GlobalSection(SolutionProperties) = preSolution
		HideSolutionNode = FALSE
	EndGlobalSection
EndGlobal
